
Microsoft Visual Studio Solution File, Format Version 12.00
# Visual Studio Version 17
VisualStudioVersion = 17.5.33414.496
MinimumVisualStudioVersion = 10.0.40219.1
Project("{FAE04EC0-301F-11D3-BF4B-00C04F79EFBC}") = "CalcFinal", "CalcFinal\CalcFinal.csproj", "{3A8A44E6-6803-403E-AE01-D0CE5EE407C9}"
EndProject
Global
	GlobalSection(SolutionConfigurationPlatforms) = preSolution
		Debug|Any CPU = Debug|Any CPU
		Release|Any CPU = Release|Any CPU
	EndGlobalSection
	GlobalSection(ProjectConfigurationPlatforms) = postSolution
		{3A8A44E6-6803-403E-AE01-D0CE5EE407C9}.Debug|Any CPU.ActiveCfg = Debug|Any CPU
		{3A8A44E6-6803-403E-AE01-D0CE5EE407C9}.Debug|Any CPU.Build.0 = Debug|Any CPU
		{3A8A44E6-6803-403E-AE01-D0CE5EE407C9}.Release|Any CPU.ActiveCfg = Release|Any CPU
		{3A8A44E6-6803-403E-AE01-D0CE5EE407C9}.Release|Any CPU.Build.0 = Release|Any CPU
	EndGlobalSection
	GlobalSection(SolutionProperties) = preSolution
		HideSolutionNode = FALSE
	EndGlobalSection
	GlobalSection(ExtensibilityGlobals) = postSolution
		SolutionGuid = {5EAEFAF0-14E1-401B-9FD1-A89D7DA3C318}
	EndGlobalSection
EndGlobal
